
Microsoft Visual Studio Solution File, Format Version 12.00
# Visual Studio Version 17
VisualStudioVersion = 17.5.33502.453
MinimumVisualStudioVersion = 10.0.40219.1
Project("{FAE04EC0-301F-11D3-BF4B-00C04F79EFBC}") = "ch8-S1-P1", "ch8-S1-P1\ch8-S1-P1.csproj", "{B4DCE993-06EA-4FD0-8EEE-13C6632DDAC7}"
EndProject
Project("{FAE04EC0-301F-11D3-BF4B-00C04F79EFBC}") = "ch8-S1-P2", "ch8-S1-P2\ch8-S1-P2.csproj", "{E8405D75-753C-47DD-9CBF-612F64A602A2}"
EndProject
Project("{FAE04EC0-301F-11D3-BF4B-00C04F79EFBC}") = "ch8-S5-P1", "ch8-S5-P1\ch8-S5-P1.csproj", "{228C2BB0-AB20-440A-BE39-0A628AE28652}"
EndProject
Project("{FAE04EC0-301F-11D3-BF4B-00C04F79EFBC}") = "ch8-S5-P2", "ch8-S5-P2\ch8-S5-P2.csproj", "{146DB5E9-AA4E-4351-8ADD-EE20874AB49F}"
EndProject
Project("{FAE04EC0-301F-11D3-BF4B-00C04F79EFBC}") = "ch8-S6-P1", "ch8-S6-P1\ch8-S6-P1.csproj", "{6B8F9861-6942-4D7E-A0CA-25EE39C76F9F}"
EndProject
Project("{FAE04EC0-301F-11D3-BF4B-00C04F79EFBC}") = "ch8-S7-P1", "ch8-S7-P1\ch8-S7-P1.csproj", "{82BEB3F3-CF61-49D7-8A2B-38798D19355A}"
EndProject
Project("{FAE04EC0-301F-11D3-BF4B-00C04F79EFBC}") = "ch8-S8-P1", "ch8-S8-P1\ch8-S8-P1.csproj", "{42DFBA3B-6BE3-4B9E-AE40-88B7AEC43300}"
EndProject
Project("{FAE04EC0-301F-11D3-BF4B-00C04F79EFBC}") = "ch8-S9-P1", "ch8-S9-P1\ch8-S9-P1.csproj", "{1C663048-9D8D-4F7D-A40A-65E4748B2DB2}"
EndProject
Project("{FAE04EC0-301F-11D3-BF4B-00C04F79EFBC}") = "ch8-S9-P2", "ch8-S9-P2\ch8-S9-P2.csproj", "{79D430DA-E0D6-48FD-B0E5-1EA4AD04724D}"
EndProject
Project("{FAE04EC0-301F-11D3-BF4B-00C04F79EFBC}") = "ch8-S11-P1", "ch8-S11-P1\ch8-S11-P1.csproj", "{9BA5268E-2EEB-46B8-869F-EA2DAE926BB5}"
EndProject
Project("{FAE04EC0-301F-11D3-BF4B-00C04F79EFBC}") = "ch8-S12-P1", "ch8-S12-P1\ch8-S12-P1.csproj", "{8E0E495C-D692-48F6-832B-65F986FD8B70}"
EndProject
Project("{FAE04EC0-301F-11D3-BF4B-00C04F79EFBC}") = "ch8-S13-P1", "ch8-S13-P1\ch8-S13-P1.csproj", "{FD0E2A9C-D3F1-4BE6-BCDC-6F7DDE113FB2}"
EndProject
Global
	GlobalSection(SolutionConfigurationPlatforms) = preSolution
		Debug|Any CPU = Debug|Any CPU
		Release|Any CPU = Release|Any CPU
	EndGlobalSection
	GlobalSection(ProjectConfigurationPlatforms) = postSolution
		{B4DCE993-06EA-4FD0-8EEE-13C6632DDAC7}.Debug|Any CPU.ActiveCfg = Debug|Any CPU
		{B4DCE993-06EA-4FD0-8EEE-13C6632DDAC7}.Debug|Any CPU.Build.0 = Debug|Any CPU
		{B4DCE993-06EA-4FD0-8EEE-13C6632DDAC7}.Release|Any CPU.ActiveCfg = Release|Any CPU
		{B4DCE993-06EA-4FD0-8EEE-13C6632DDAC7}.Release|Any CPU.Build.0 = Release|Any CPU
		{E8405D75-753C-47DD-9CBF-612F64A602A2}.Debug|Any CPU.ActiveCfg = Debug|Any CPU
		{E8405D75-753C-47DD-9CBF-612F64A602A2}.Debug|Any CPU.Build.0 = Debug|Any CPU
		{E8405D75-753C-47DD-9CBF-612F64A602A2}.Release|Any CPU.ActiveCfg = Release|Any CPU
		{E8405D75-753C-47DD-9CBF-612F64A602A2}.Release|Any CPU.Build.0 = Release|Any CPU
		{228C2BB0-AB20-440A-BE39-0A628AE28652}.Debug|Any CPU.ActiveCfg = Debug|Any CPU
		{228C2BB0-AB20-440A-BE39-0A628AE28652}.Debug|Any CPU.Build.0 = Debug|Any CPU
		{228C2BB0-AB20-440A-BE39-0A628AE28652}.Release|Any CPU.ActiveCfg = Release|Any CPU
		{228C2BB0-AB20-440A-BE39-0A628AE28652}.Release|Any CPU.Build.0 = Release|Any CPU
		{146DB5E9-AA4E-4351-8ADD-EE20874AB49F}.Debug|Any CPU.ActiveCfg = Debug|Any CPU
		{146DB5E9-AA4E-4351-8ADD-EE20874AB49F}.Debug|Any CPU.Build.0 = Debug|Any CPU
		{146DB5E9-AA4E-4351-8ADD-EE20874AB49F}.Release|Any CPU.ActiveCfg = Release|Any CPU
		{146DB5E9-AA4E-4351-8ADD-EE20874AB49F}.Release|Any CPU.Build.0 = Release|Any CPU
		{6B8F9861-6942-4D7E-A0CA-25EE39C76F9F}.Debug|Any CPU.ActiveCfg = Debug|Any CPU
		{6B8F9861-6942-4D7E-A0CA-25EE39C76F9F}.Debug|Any CPU.Build.0 = Debug|Any CPU
		{6B8F9861-6942-4D7E-A0CA-25EE39C76F9F}.Release|Any CPU.ActiveCfg = Release|Any CPU
		{6B8F9861-6942-4D7E-A0CA-25EE39C76F9F}.Release|Any CPU.Build.0 = Release|Any CPU
		{82BEB3F3-CF61-49D7-8A2B-38798D19355A}.Debug|Any CPU.ActiveCfg = Debug|Any CPU
		{82BEB3F3-CF61-49D7-8A2B-38798D19355A}.Debug|Any CPU.Build.0 = Debug|Any CPU
		{82BEB3F3-CF61-49D7-8A2B-38798D19355A}.Release|Any CPU.ActiveCfg = Release|Any CPU
		{82BEB3F3-CF61-49D7-8A2B-38798D19355A}.Release|Any CPU.Build.0 = Release|Any CPU
		{42DFBA3B-6BE3-4B9E-AE40-88B7AEC43300}.Debug|Any CPU.ActiveCfg = Debug|Any CPU
		{42DFBA3B-6BE3-4B9E-AE40-88B7AEC43300}.Debug|Any CPU.Build.0 = Debug|Any CPU
		{42DFBA3B-6BE3-4B9E-AE40-88B7AEC43300}.Release|Any CPU.ActiveCfg = Release|Any CPU
		{42DFBA3B-6BE3-4B9E-AE40-88B7AEC43300}.Release|Any CPU.Build.0 = Release|Any CPU
		{1C663048-9D8D-4F7D-A40A-65E4748B2DB2}.Debug|Any CPU.ActiveCfg = Debug|Any CPU
		{1C663048-9D8D-4F7D-A40A-65E4748B2DB2}.Debug|Any CPU.Build.0 = Debug|Any CPU
		{1C663048-9D8D-4F7D-A40A-65E4748B2DB2}.Release|Any CPU.ActiveCfg = Release|Any CPU
		{1C663048-9D8D-4F7D-A40A-65E4748B2DB2}.Release|Any CPU.Build.0 = Release|Any CPU
		{79D430DA-E0D6-48FD-B0E5-1EA4AD04724D}.Debug|Any CPU.ActiveCfg = Debug|Any CPU
		{79D430DA-E0D6-48FD-B0E5-1EA4AD04724D}.Debug|Any CPU.Build.0 = Debug|Any CPU
		{79D430DA-E0D6-48FD-B0E5-1EA4AD04724D}.Release|Any CPU.ActiveCfg = Release|Any CPU
		{79D430DA-E0D6-48FD-B0E5-1EA4AD04724D}.Release|Any CPU.Build.0 = Release|Any CPU
		{9BA5268E-2EEB-46B8-869F-EA2DAE926BB5}.Debug|Any CPU.ActiveCfg = Debug|Any CPU
		{9BA5268E-2EEB-46B8-869F-EA2DAE926BB5}.Debug|Any CPU.Build.0 = Debug|Any CPU
		{9BA5268E-2EEB-46B8-869F-EA2DAE926BB5}.Release|Any CPU.ActiveCfg = Release|Any CPU
		{9BA5268E-2EEB-46B8-869F-EA2DAE926BB5}.Release|Any CPU.Build.0 = Release|Any CPU
		{8E0E495C-D692-48F6-832B-65F986FD8B70}.Debug|Any CPU.ActiveCfg = Debug|Any CPU
		{8E0E495C-D692-48F6-832B-65F986FD8B70}.Debug|Any CPU.Build.0 = Debug|Any CPU
		{8E0E495C-D692-48F6-832B-65F986FD8B70}.Release|Any CPU.ActiveCfg = Release|Any CPU
		{8E0E495C-D692-48F6-832B-65F986FD8B70}.Release|Any CPU.Build.0 = Release|Any CPU
		{FD0E2A9C-D3F1-4BE6-BCDC-6F7DDE113FB2}.Debug|Any CPU.ActiveCfg = Debug|Any CPU
		{FD0E2A9C-D3F1-4BE6-BCDC-6F7DDE113FB2}.Debug|Any CPU.Build.0 = Debug|Any CPU
		{FD0E2A9C-D3F1-4BE6-BCDC-6F7DDE113FB2}.Release|Any CPU.ActiveCfg = Release|Any CPU
		{FD0E2A9C-D3F1-4BE6-BCDC-6F7DDE113FB2}.Release|Any CPU.Build.0 = Release|Any CPU
	EndGlobalSection
	GlobalSection(SolutionProperties) = preSolution
		HideSolutionNode = FALSE
	EndGlobalSection
	GlobalSection(ExtensibilityGlobals) = postSolution
		SolutionGuid = {92F85A72-3D99-4671-AC92-32BF6D5440D7}
	EndGlobalSection
EndGlobal
